
Microsoft Visual Studio Solution File, Format Version 12.00
# Visual Studio Version 16
VisualStudioVersion = 16.0.30114.105
MinimumVisualStudioVersion = 10.0.40219.1
Project("{FAE04EC0-301F-11D3-BF4B-00C04F79EFBC}") = "Proyecto_Web", "Proyecto_Web\Proyecto_Web.csproj", "{E228EEC1-998C-4788-B8DD-C204749A4820}"
EndProject
Global
	GlobalSection(SolutionConfigurationPlatforms) = preSolution
		Debug|Any CPU = Debug|Any CPU
		Release|Any CPU = Release|Any CPU
	EndGlobalSection
	GlobalSection(ProjectConfigurationPlatforms) = postSolution
		{E228EEC1-998C-4788-B8DD-C204749A4820}.Debug|Any CPU.ActiveCfg = Debug|Any CPU
		{E228EEC1-998C-4788-B8DD-C204749A4820}.Debug|Any CPU.Build.0 = Debug|Any CPU
		{E228EEC1-998C-4788-B8DD-C204749A4820}.Release|Any CPU.ActiveCfg = Release|Any CPU
		{E228EEC1-998C-4788-B8DD-C204749A4820}.Release|Any CPU.Build.0 = Release|Any CPU
	EndGlobalSection
	GlobalSection(SolutionProperties) = preSolution
		HideSolutionNode = FALSE
	EndGlobalSection
	GlobalSection(ExtensibilityGlobals) = postSolution
		SolutionGuid = {3FB0A421-4A78-465B-94F9-2C276EB9B330}
	EndGlobalSection
EndGlobal
